Microsoft Visual Studio Solution File, Format Version 11.00
# Visual Studio 2008

Project("{5FD52B30-4403-CF8B-0E57-226CF18254E6}") = "GGJ2013", "Assembly-CSharp-firstpass-vs.csproj", "{A90205D8-A11E-CA68-F271-718A96C11E1E}"
EndProject
Project("{5FD52B30-4403-CF8B-0E57-226CF18254E6}") = "GGJ2013", "Assembly-CSharp-vs.csproj", "{124634A1-925A-ADD5-9FD8-16A5028504CD}"
EndProject
Project("{5FD52B30-4403-CF8B-0E57-226CF18254E6}") = "GGJ2013", "Assembly-CSharp-Editor-vs.csproj", "{E950DF47-8897-09B7-4298-4B2B09523DC1}"
EndProject
Global
	GlobalSection(SolutionConfigurationPlatforms) = preSolution
		Debug|Any CPU = Debug|Any CPU
		Release|Any CPU = Release|Any CPU
	EndGlobalSection
	GlobalSection(ProjectConfigurationPlatforms) = postSolution
		{A90205D8-A11E-CA68-F271-718A96C11E1E}.Debug|Any CPU.ActiveCfg = Debug|Any CPU
		{A90205D8-A11E-CA68-F271-718A96C11E1E}.Debug|Any CPU.Build.0 = Debug|Any CPU
		{A90205D8-A11E-CA68-F271-718A96C11E1E}.Release|Any CPU.ActiveCfg = Release|Any CPU
		{A90205D8-A11E-CA68-F271-718A96C11E1E}.Release|Any CPU.Build.0 = Release|Any CPU
		{124634A1-925A-ADD5-9FD8-16A5028504CD}.Debug|Any CPU.ActiveCfg = Debug|Any CPU
		{124634A1-925A-ADD5-9FD8-16A5028504CD}.Debug|Any CPU.Build.0 = Debug|Any CPU
		{124634A1-925A-ADD5-9FD8-16A5028504CD}.Release|Any CPU.ActiveCfg = Release|Any CPU
		{124634A1-925A-ADD5-9FD8-16A5028504CD}.Release|Any CPU.Build.0 = Release|Any CPU
		{E950DF47-8897-09B7-4298-4B2B09523DC1}.Debug|Any CPU.ActiveCfg = Debug|Any CPU
		{E950DF47-8897-09B7-4298-4B2B09523DC1}.Debug|Any CPU.Build.0 = Debug|Any CPU
		{E950DF47-8897-09B7-4298-4B2B09523DC1}.Release|Any CPU.ActiveCfg = Release|Any CPU
		{E950DF47-8897-09B7-4298-4B2B09523DC1}.Release|Any CPU.Build.0 = Release|Any CPU
	EndGlobalSection
	GlobalSection(SolutionProperties) = preSolution
		HideSolutionNode = FALSE
	EndGlobalSection
				GlobalSection(MonoDevelopProperties) = preSolution
		StartupItem = Assembly-CSharp.csproj
		Policies = $0
		$0.TextStylePolicy = $1
		$1.inheritsSet = null
		$1.scope = text/x-csharp
		$0.CSharpFormattingPolicy = $2
		$2.inheritsSet = Mono
		$2.inheritsScope = text/x-csharp
		$2.scope = text/x-csharp
		$0.TextStylePolicy = $3
		$3.FileWidth = 120
		$3.TabWidth = 4
		$3.EolMarker = Unix
		$3.inheritsSet = Mono
		$3.inheritsScope = text/plain
		$3.scope = text/plain
	EndGlobalSection

EndGlobal
